<?xml version="1.0" encoding="utf-8"?>
<Project ToolsVersion="4.0" xmlns="http://schemas.microsoft.com/developer/msbuild/2003">
  <ItemGroup>
    <Filter Include="Source Files">
      <UniqueIdentifier>{4FC737F1-C7A5-4376-A066-2A32D752A2FF}</UniqueIdentifier>
      <Extensions>cpp;c;cc;cxx;def;odl;idl;hpj;bat;asm;asmx</Extensions>
    </Filter>
    <Filter Include="Header Files">
      <UniqueIdentifier>{93995380-89BD-4b04-88EB-625FBE52EBFB}</UniqueIdentifier>
      <Extensions>h;hpp;hxx;hm;inl;inc;xsd</Extensions>
    </Filter>
    <Filter Include="Resource Files">
      <UniqueIdentifier>{67DA6AB6-F800-4c08-8B7A-83BB121AAD01}</UniqueIdentifier>
      <Extensions>rc;ico;cur;bmp;dlg;rc2;rct;bin;rgs;gif;jpg;jpeg;jpe;resx;tiff;tif;png;wav;mfcribbon-ms</Extensions>
    </Filter>
    <Filter Include="Header Files\main">
      <UniqueIdentifier>{6b0cea34-6bf3-41d2-993b-43dffb2ab8ac}</UniqueIdentifier>
    </Filter>
    <Filter Include="Source Files\main">
      <UniqueIdentifier>{33630a2c-bdd0-49e2-851a-c543fe8d4640}</UniqueIdentifier>
    </Filter>
    <Filter Include="Header Files\neural_networks">
      <UniqueIdentifier>{b25f0b3b-2508-4b51-ab88-4ed13a5de570}</UniqueIdentifier>
    </Filter>
    <Filter Include="Header Files\neural_networks\debug">
      <UniqueIdentifier>{f6c9aae6-047b-4379-96da-991f21e0fe88}</UniqueIdentifier>
    </Filter>
    <Filter Include="Header Files\linear_algebra">
      <UniqueIdentifier>{2873ca90-27b4-4730-931a-5b76e747d4a8}</UniqueIdentifier>
    </Filter>
    <Filter Include="Header Files\restricted_range">
      <UniqueIdentifier>{803de616-1c1f-4838-bf5b-2f27ecc06547}</UniqueIdentifier>
    </Filter>
    <Filter Include="Header Files\simulation">
      <UniqueIdentifier>{1521da5b-f563-4a10-baf7-a7da198029a1}</UniqueIdentifier>
    </Filter>
    <Filter Include="Source Files\neural_networks">
      <UniqueIdentifier>{b5b4098b-2992-463e-854a-73f90ae9b751}</UniqueIdentifier>
    </Filter>
    <Filter Include="Source Files\neural_networks\debug">
      <UniqueIdentifier>{e030f691-0c41-43d6-b962-78722119decc}</UniqueIdentifier>
    </Filter>
    <Filter Include="Source Files\linear_algebra">
      <UniqueIdentifier>{dcc9918f-16ed-4c2a-a3c0-2ab1b244d780}</UniqueIdentifier>
    </Filter>
    <Filter Include="Source Files\restricted_range">
      <UniqueIdentifier>{84327156-46cb-4f8a-9e83-b3051c295ac5}</UniqueIdentifier>
    </Filter>
    <Filter Include="Source Files\simulation">
      <UniqueIdentifier>{7378162c-5397-49be-9358-e53f0ddec6b9}</UniqueIdentifier>
    </Filter>
  </ItemGroup>
  <ItemGroup>
    <ResourceCompile Include="neural_networks_simulation\neural_networks_simulation.rc">
      <Filter>Resource Files</Filter>
    </ResourceCompile>
  </ItemGroup>
  <ItemGroup>
    <ClInclude Include="neural_networks_simulation\resource.h">
      <Filter>Header Files\main</Filter>
    </ClInclude>
    <ClInclude Include="neural_networks_simulation\targetver.h">
      <Filter>Header Files\main</Filter>
    </ClInclude>
    <ClInclude Include="neural_networks_simulation\utils.h">
      <Filter>Header Files\main</Filter>
    </ClInclude>
    <ClInclude Include="neural_networks\incl\constants.h">
      <Filter>Header Files\neural_networks</Filter>
    </ClInclude>
    <ClInclude Include="neural_networks\incl\member.h">
      <Filter>Header Files\neural_networks</Filter>
    </ClInclude>
    <ClInclude Include="neural_networks\incl\network.h">
      <Filter>Header Files\neural_networks</Filter>
    </ClInclude>
    <ClInclude Include="neural_networks\incl\neural_network_exception.h">
      <Filter>Header Files\neural_networks</Filter>
    </ClInclude>
    <ClInclude Include="neural_networks\incl\neuron.h">
      <Filter>Header Files\neural_networks</Filter>
    </ClInclude>
    <ClInclude Include="neural_networks\incl\output_node.h">
      <Filter>Header Files\neural_networks</Filter>
    </ClInclude>
    <ClInclude Include="neural_networks\incl\population.h">
      <Filter>Header Files\neural_networks</Filter>
    </ClInclude>
    <ClInclude Include="neural_networks\incl\rand_gen.h">
      <Filter>Header Files\neural_networks</Filter>
    </ClInclude>
    <ClInclude Include="neural_networks\incl\util.h">
      <Filter>Header Files\neural_networks</Filter>
    </ClInclude>
    <ClInclude Include="neural_networks\debug\incl\debug_member.h">
      <Filter>Header Files\neural_networks\debug</Filter>
    </ClInclude>
    <ClInclude Include="neural_networks\debug\incl\debug_network.h">
      <Filter>Header Files\neural_networks\debug</Filter>
    </ClInclude>
    <ClInclude Include="neural_networks\debug\incl\debug_neuron.h">
      <Filter>Header Files\neural_networks\debug</Filter>
    </ClInclude>
    <ClInclude Include="neural_networks\debug\incl\debug_output_node.h">
      <Filter>Header Files\neural_networks\debug</Filter>
    </ClInclude>
    <ClInclude Include="neural_networks\debug\incl\debug_population.h">
      <Filter>Header Files\neural_networks\debug</Filter>
    </ClInclude>
    <ClInclude Include="neural_networks\debug\incl\debug_rand_gen.h">
      <Filter>Header Files\neural_networks\debug</Filter>
    </ClInclude>
    <ClInclude Include="linear_algebra\incl\matrix2d.h">
      <Filter>Header Files\linear_algebra</Filter>
    </ClInclude>
    <ClInclude Include="linear_algebra\incl\vector2d.h">
      <Filter>Header Files\linear_algebra</Filter>
    </ClInclude>
    <ClInclude Include="restricted_range\incl\restricted.h">
      <Filter>Header Files\restricted_range</Filter>
    </ClInclude>
    <ClInclude Include="restricted_range\incl\restricted_range_exception.h">
      <Filter>Header Files\restricted_range</Filter>
    </ClInclude>
    <ClInclude Include="restricted_range\incl\srestricted.h">
      <Filter>Header Files\restricted_range</Filter>
    </ClInclude>
    <ClInclude Include="simulation\incl\controller.h">
      <Filter>Header Files\simulation</Filter>
    </ClInclude>
    <ClInclude Include="simulation\incl\ini_params.h">
      <Filter>Header Files\simulation</Filter>
    </ClInclude>
    <ClInclude Include="simulation\incl\mine.h">
      <Filter>Header Files\simulation</Filter>
    </ClInclude>
    <ClInclude Include="simulation\incl\mine_sweeper.h">
      <Filter>Header Files\simulation</Filter>
    </ClInclude>
    <ClInclude Include="simulation\incl\renderer.h">
      <Filter>Header Files\simulation</Filter>
    </ClInclude>
    <ClInclude Include="simulation\incl\timer.h">
      <Filter>Header Files\simulation</Filter>
    </ClInclude>
  </ItemGroup>
  <ItemGroup>
    <None Include="neural_networks_simulation\neural_networks_simulation.ico">
      <Filter>Resource Files</Filter>
    </None>
    <None Include="neural_networks_simulation\params.ini">
      <Filter>Resource Files</Filter>
    </None>
    <None Include="neural_networks_simulation\small.ico">
      <Filter>Resource Files</Filter>
    </None>
  </ItemGroup>
  <ItemGroup>
    <ClCompile Include="neural_networks_simulation\main.cpp">
      <Filter>Source Files\main</Filter>
    </ClCompile>
    <ClCompile Include="neural_networks_simulation\utils.cpp">
      <Filter>Source Files\main</Filter>
    </ClCompile>
    <ClCompile Include="neural_networks\src\constants.cpp">
      <Filter>Source Files\neural_networks</Filter>
    </ClCompile>
    <ClCompile Include="neural_networks\src\member.cpp">
      <Filter>Source Files\neural_networks</Filter>
    </ClCompile>
    <ClCompile Include="neural_networks\src\network.cpp">
      <Filter>Source Files\neural_networks</Filter>
    </ClCompile>
    <ClCompile Include="neural_networks\src\neural_network_exception.cpp">
      <Filter>Source Files\neural_networks</Filter>
    </ClCompile>
    <ClCompile Include="neural_networks\src\neuron.cpp">
      <Filter>Source Files\neural_networks</Filter>
    </ClCompile>
    <ClCompile Include="neural_networks\src\output_node.cpp">
      <Filter>Source Files\neural_networks</Filter>
    </ClCompile>
    <ClCompile Include="neural_networks\src\population.cpp">
      <Filter>Source Files\neural_networks</Filter>
    </ClCompile>
    <ClCompile Include="neural_networks\src\rand_gen.cpp">
      <Filter>Source Files\neural_networks</Filter>
    </ClCompile>
    <ClCompile Include="neural_networks\src\util.cpp">
      <Filter>Source Files\neural_networks</Filter>
    </ClCompile>
    <ClCompile Include="neural_networks\debug\src\debug_member.cpp">
      <Filter>Source Files\neural_networks\debug</Filter>
    </ClCompile>
    <ClCompile Include="neural_networks\debug\src\debug_network.cpp">
      <Filter>Source Files\neural_networks\debug</Filter>
    </ClCompile>
    <ClCompile Include="neural_networks\debug\src\debug_neuron.cpp">
      <Filter>Source Files\neural_networks\debug</Filter>
    </ClCompile>
    <ClCompile Include="neural_networks\debug\src\debug_output_node.cpp">
      <Filter>Source Files\neural_networks\debug</Filter>
    </ClCompile>
    <ClCompile Include="neural_networks\debug\src\debug_population.cpp">
      <Filter>Source Files\neural_networks\debug</Filter>
    </ClCompile>
    <ClCompile Include="neural_networks\debug\src\debug_rand_gen.cpp">
      <Filter>Source Files\neural_networks\debug</Filter>
    </ClCompile>
    <ClCompile Include="linear_algebra\src\matrix2d.cpp">
      <Filter>Source Files\linear_algebra</Filter>
    </ClCompile>
    <ClCompile Include="linear_algebra\src\vector2d.cpp">
      <Filter>Source Files\linear_algebra</Filter>
    </ClCompile>
    <ClCompile Include="restricted_range\src\restricted.cpp">
      <Filter>Source Files\restricted_range</Filter>
    </ClCompile>
    <ClCompile Include="restricted_range\src\restricted_range_exception.cpp">
      <Filter>Source Files\restricted_range</Filter>
    </ClCompile>
    <ClCompile Include="restricted_range\src\srestricted.cpp">
      <Filter>Source Files\restricted_range</Filter>
    </ClCompile>
    <ClCompile Include="simulation\src\controller.cpp">
      <Filter>Source Files\simulation</Filter>
    </ClCompile>
    <ClCompile Include="simulation\src\ini_params.cpp">
      <Filter>Source Files\simulation</Filter>
    </ClCompile>
    <ClCompile Include="simulation\src\mine.cpp">
      <Filter>Source Files\simulation</Filter>
    </ClCompile>
    <ClCompile Include="simulation\src\mine_sweeper.cpp">
      <Filter>Source Files\simulation</Filter>
    </ClCompile>
    <ClCompile Include="simulation\src\renderer.cpp">
      <Filter>Source Files\simulation</Filter>
    </ClCompile>
    <ClCompile Include="simulation\src\timer.cpp">
      <Filter>Source Files\simulation</Filter>
    </ClCompile>
  </ItemGroup>
</Project>