
Microsoft Visual Studio Solution File, Format Version 11.00
# Visual Studio 2010
Project("{8BC9CEB8-8B4A-11D0-8D11-00A0C91BC942}") = "test_random_generator", "test_random_generator.vcxproj", "{DCD7C1B1-91E6-4AF2-A605-FDD526D7F51C}"
EndProject
Global
	GlobalSection(SolutionConfigurationPlatforms) = preSolution
		Debug|Win32 = Debug|Win32
		Release|Win32 = Release|Win32
	EndGlobalSection
	GlobalSection(ProjectConfigurationPlatforms) = postSolution
		{DCD7C1B1-91E6-4AF2-A605-FDD526D7F51C}.Debug|Win32.ActiveCfg = Debug|Win32
		{DCD7C1B1-91E6-4AF2-A605-FDD526D7F51C}.Debug|Win32.Build.0 = Debug|Win32
		{DCD7C1B1-91E6-4AF2-A605-FDD526D7F51C}.Release|Win32.ActiveCfg = Release|Win32
		{DCD7C1B1-91E6-4AF2-A605-FDD526D7F51C}.Release|Win32.Build.0 = Release|Win32
	EndGlobalSection
	GlobalSection(SolutionProperties) = preSolution
		HideSolutionNode = FALSE
	EndGlobalSection
EndGlobal
