<?xml version="1.0" encoding="utf-8"?>
<Project ToolsVersion="4.0" xmlns="http://schemas.microsoft.com/developer/msbuild/2003">
  <ItemGroup>
    <Filter Include="main">
      <UniqueIdentifier>{095d7a64-87a4-49fc-a7b7-7dd39209912e}</UniqueIdentifier>
    </Filter>
    <Filter Include="main\src">
      <UniqueIdentifier>{4FC737F1-C7A5-4376-A066-2A32D752A2FF}</UniqueIdentifier>
      <Extensions>cpp;c;cc;cxx;def;odl;idl;hpj;bat;asm;asmx</Extensions>
    </Filter>
    <Filter Include="main\incl">
      <UniqueIdentifier>{93995380-89BD-4b04-88EB-625FBE52EBFB}</UniqueIdentifier>
      <Extensions>h;hpp;hxx;hm;inl;inc;xsd</Extensions>
    </Filter>
    <Filter Include="neural_networks">
      <UniqueIdentifier>{9bf6440e-b949-4199-8671-17a13090d813}</UniqueIdentifier>
    </Filter>
    <Filter Include="neural_networks\incl">
      <UniqueIdentifier>{7bbd6aa1-e2ef-47ad-a7f0-3d4a621346f0}</UniqueIdentifier>
    </Filter>
    <Filter Include="neural_networks\src">
      <UniqueIdentifier>{89481a24-549c-4d1e-b944-8d332141d3dc}</UniqueIdentifier>
    </Filter>
    <Filter Include="restricted_range">
      <UniqueIdentifier>{f40bf0f3-420f-4359-8ecd-b686f7c5924a}</UniqueIdentifier>
    </Filter>
    <Filter Include="restricted_range\incl">
      <UniqueIdentifier>{426aec18-5a1b-4a66-ab59-82f2dce9de47}</UniqueIdentifier>
    </Filter>
    <Filter Include="restricted_range\src">
      <UniqueIdentifier>{8af4e5dc-e4b7-4389-b300-c99fc41f2011}</UniqueIdentifier>
    </Filter>
    <Filter Include="neural_networks\debug">
      <UniqueIdentifier>{f6652acf-19fa-4adf-929b-7f89809139cb}</UniqueIdentifier>
    </Filter>
    <Filter Include="neural_networks\debug\incl">
      <UniqueIdentifier>{d3cd4a6f-e803-45e0-a595-f012e89014ce}</UniqueIdentifier>
    </Filter>
    <Filter Include="neural_networks\debug\src">
      <UniqueIdentifier>{85b13ebc-7581-4260-9ccf-0550957c8d80}</UniqueIdentifier>
    </Filter>
  </ItemGroup>
  <ItemGroup>
    <ClInclude Include="neural_networks\incl\neuron.h">
      <Filter>neural_networks\incl</Filter>
    </ClInclude>
    <ClInclude Include="neural_networks\incl\rand_gen.h">
      <Filter>neural_networks\incl</Filter>
    </ClInclude>
    <ClInclude Include="main\incl\stdafx.h">
      <Filter>main\incl</Filter>
    </ClInclude>
    <ClInclude Include="main\incl\targetver.h">
      <Filter>main\incl</Filter>
    </ClInclude>
    <ClInclude Include="neural_networks\incl\constants.h">
      <Filter>neural_networks\incl</Filter>
    </ClInclude>
    <ClInclude Include="neural_networks\incl\util.h">
      <Filter>neural_networks\incl</Filter>
    </ClInclude>
    <ClInclude Include="restricted_range\incl\restricted.h">
      <Filter>restricted_range\incl</Filter>
    </ClInclude>
    <ClInclude Include="restricted_range\incl\srestricted.h">
      <Filter>restricted_range\incl</Filter>
    </ClInclude>
    <ClInclude Include="neural_networks\debug\incl\debug_neuron.h">
      <Filter>neural_networks\debug\incl</Filter>
    </ClInclude>
    <ClInclude Include="neural_networks\debug\incl\debug_rand_gen.h">
      <Filter>neural_networks\debug\incl</Filter>
    </ClInclude>
    <ClInclude Include="neural_networks\incl\output_node.h">
      <Filter>neural_networks\incl</Filter>
    </ClInclude>
    <ClInclude Include="neural_networks\debug\incl\debug_output_node.h">
      <Filter>neural_networks\debug\incl</Filter>
    </ClInclude>
    <ClInclude Include="neural_networks\incl\network.h">
      <Filter>neural_networks\incl</Filter>
    </ClInclude>
    <ClInclude Include="neural_networks\debug\incl\debug_network.h">
      <Filter>neural_networks\debug\incl</Filter>
    </ClInclude>
    <ClInclude Include="neural_networks\incl\member.h">
      <Filter>neural_networks\incl</Filter>
    </ClInclude>
    <ClInclude Include="neural_networks\incl\population.h">
      <Filter>neural_networks\incl</Filter>
    </ClInclude>
    <ClInclude Include="neural_networks\debug\incl\debug_member.h">
      <Filter>neural_networks\debug\incl</Filter>
    </ClInclude>
    <ClInclude Include="neural_networks\debug\incl\debug_population.h">
      <Filter>neural_networks\debug\incl</Filter>
    </ClInclude>
  </ItemGroup>
  <ItemGroup>
    <ClCompile Include="neural_networks\src\neuron.cpp">
      <Filter>neural_networks\src</Filter>
    </ClCompile>
    <ClCompile Include="neural_networks\src\rand_gen.cpp">
      <Filter>neural_networks\src</Filter>
    </ClCompile>
    <ClCompile Include="main\src\main.cpp">
      <Filter>main\src</Filter>
    </ClCompile>
    <ClCompile Include="main\src\stdafx.cpp">
      <Filter>main\src</Filter>
    </ClCompile>
    <ClCompile Include="neural_networks\src\util.cpp">
      <Filter>neural_networks\src</Filter>
    </ClCompile>
    <ClCompile Include="restricted_range\src\restricted.cpp">
      <Filter>restricted_range\src</Filter>
    </ClCompile>
    <ClCompile Include="restricted_range\src\srestricted.cpp">
      <Filter>restricted_range\src</Filter>
    </ClCompile>
    <ClCompile Include="neural_networks\src\constants.cpp">
      <Filter>neural_networks\src</Filter>
    </ClCompile>
    <ClCompile Include="neural_networks\debug\src\debug_neuron.cpp">
      <Filter>neural_networks\debug\src</Filter>
    </ClCompile>
    <ClCompile Include="neural_networks\debug\src\debug_rand_gen.cpp">
      <Filter>neural_networks\debug\src</Filter>
    </ClCompile>
    <ClCompile Include="neural_networks\src\output_node.cpp">
      <Filter>neural_networks\src</Filter>
    </ClCompile>
    <ClCompile Include="neural_networks\debug\src\debug_output_node.cpp">
      <Filter>neural_networks\debug\src</Filter>
    </ClCompile>
    <ClCompile Include="neural_networks\src\network.cpp">
      <Filter>neural_networks\src</Filter>
    </ClCompile>
    <ClCompile Include="neural_networks\debug\src\debug_network.cpp">
      <Filter>neural_networks\debug\src</Filter>
    </ClCompile>
    <ClCompile Include="neural_networks\src\member.cpp">
      <Filter>neural_networks\src</Filter>
    </ClCompile>
    <ClCompile Include="neural_networks\src\population.cpp">
      <Filter>neural_networks\src</Filter>
    </ClCompile>
    <ClCompile Include="neural_networks\debug\src\debug_member.cpp">
      <Filter>neural_networks\debug\src</Filter>
    </ClCompile>
    <ClCompile Include="neural_networks\debug\src\debug_population.cpp">
      <Filter>neural_networks\debug\src</Filter>
    </ClCompile>
  </ItemGroup>
</Project>